{
  "version": "2",
  "remote": {
    "https://deno.land/std@0.178.0/_util/asserts.ts": "178dfc49a464aee693a7e285567b3d0b555dc805ff490505a8aae34f9cfb1462",
    "https://deno.land/std@0.178.0/_util/os.ts": "d932f56d41e4f6a6093d56044e29ce637f8dcc43c5a90af43504a889cf1775e3",
    "https://deno.land/std@0.178.0/path/_constants.ts": "e49961f6f4f48039c0dfed3c3f93e963ca3d92791c9d478ac5b43183413136e0",
    "https://deno.land/std@0.178.0/path/_interface.ts": "6471159dfbbc357e03882c2266d21ef9afdb1e4aa771b0545e90db58a0ba314b",
    "https://deno.land/std@0.178.0/path/_util.ts": "d7abb1e0dea065f427b89156e28cdeb32b045870acdf865833ba808a73b576d0",
    "https://deno.land/std@0.178.0/path/common.ts": "ee7505ab01fd22de3963b64e46cff31f40de34f9f8de1fff6a1bd2fe79380000",
    "https://deno.land/std@0.178.0/path/glob.ts": "d479e0a695621c94d3fd7fe7abd4f9499caf32a8de13f25073451c6ef420a4e1",
    "https://deno.land/std@0.178.0/path/mod.ts": "4b83694ac500d7d31b0cdafc927080a53dc0c3027eb2895790fb155082b0d232",
    "https://deno.land/std@0.178.0/path/posix.ts": "8b7c67ac338714b30c816079303d0285dd24af6b284f7ad63da5b27372a2c94d",
    "https://deno.land/std@0.178.0/path/separator.ts": "0fb679739d0d1d7bf45b68dacfb4ec7563597a902edbaf3c59b50d5bcadd93b1",
    "https://deno.land/std@0.178.0/path/win32.ts": "d186344e5583bcbf8b18af416d13d82b35a317116e6460a5a3953508c3de5bba",
    "https://deno.land/std@0.196.0/_util/os.ts": "d932f56d41e4f6a6093d56044e29ce637f8dcc43c5a90af43504a889cf1775e3",
    "https://deno.land/std@0.196.0/assert/assert.ts": "9a97dad6d98c238938e7540736b826440ad8c1c1e54430ca4c4e623e585607ee",
    "https://deno.land/std@0.196.0/assert/assertion_error.ts": "4d0bde9b374dfbcbe8ac23f54f567b77024fb67dbb1906a852d67fe050d42f56",
    "https://deno.land/std@0.196.0/flags/mod.ts": "a5ac18af6583404f21ea03771f8816669d901e0ff4374020870334d6f61d73d5",
    "https://deno.land/std@0.196.0/fs/_util.ts": "fbf57dcdc9f7bc8128d60301eece608246971a7836a3bb1e78da75314f08b978",
    "https://deno.land/std@0.196.0/fs/copy.ts": "b4f7fe87190d7b310c88a2d9ff845210c0a2b7b0a094ec509747359023beb7d6",
    "https://deno.land/std@0.196.0/fs/empty_dir.ts": "c3d2da4c7352fab1cf144a1ecfef58090769e8af633678e0f3fabaef98594688",
    "https://deno.land/std@0.196.0/fs/ensure_dir.ts": "dc64c4c75c64721d4e3fb681f1382f803ff3d2868f08563ff923fdd20d071c40",
    "https://deno.land/std@0.196.0/fs/ensure_file.ts": "c38602670bfaf259d86ca824a94e6cb9e5eb73757fefa4ebf43a90dd017d53d9",
    "https://deno.land/std@0.196.0/fs/ensure_link.ts": "c0f5b2f0ec094ed52b9128eccb1ee23362a617457aa0f699b145d4883f5b2fb4",
    "https://deno.land/std@0.196.0/fs/ensure_symlink.ts": "5006ab2f458159c56d689b53b1e48d57e05eeb1eaf64e677f7f76a30bc4fdba1",
    "https://deno.land/std@0.196.0/fs/eol.ts": "f1f2eb348a750c34500741987b21d65607f352cf7205f48f4319d417fff42842",
    "https://deno.land/std@0.196.0/fs/exists.ts": "29c26bca8584a22876be7cb8844f1b6c8fc35e9af514576b78f5c6884d7ed02d",
    "https://deno.land/std@0.196.0/fs/expand_glob.ts": "3e427436f4b3768727bd7de84169f10db75fe50b32e6dde567b8ae558a8d857a",
    "https://deno.land/std@0.196.0/fs/mod.ts": "bc3d0acd488cc7b42627044caf47d72019846d459279544e1934418955ba4898",
    "https://deno.land/std@0.196.0/fs/move.ts": "b4f8f46730b40c32ea3c0bc8eb0fd0e8139249a698883c7b3756424cf19785c9",
    "https://deno.land/std@0.196.0/fs/walk.ts": "f60c5ca721cb3cce7bad14cdfbe2beb0cd876343010e619362f3129df0575885",
    "https://deno.land/std@0.196.0/path/_constants.ts": "e49961f6f4f48039c0dfed3c3f93e963ca3d92791c9d478ac5b43183413136e0",
    "https://deno.land/std@0.196.0/path/_interface.ts": "6471159dfbbc357e03882c2266d21ef9afdb1e4aa771b0545e90db58a0ba314b",
    "https://deno.land/std@0.196.0/path/_util.ts": "d7abb1e0dea065f427b89156e28cdeb32b045870acdf865833ba808a73b576d0",
    "https://deno.land/std@0.196.0/path/common.ts": "ee7505ab01fd22de3963b64e46cff31f40de34f9f8de1fff6a1bd2fe79380000",
    "https://deno.land/std@0.196.0/path/glob.ts": "d479e0a695621c94d3fd7fe7abd4f9499caf32a8de13f25073451c6ef420a4e1",
    "https://deno.land/std@0.196.0/path/mod.ts": "f065032a7189404fdac3ad1a1551a9ac84751d2f25c431e101787846c86c79ef",
    "https://deno.land/std@0.196.0/path/posix.ts": "8b7c67ac338714b30c816079303d0285dd24af6b284f7ad63da5b27372a2c94d",
    "https://deno.land/std@0.196.0/path/separator.ts": "0fb679739d0d1d7bf45b68dacfb4ec7563597a902edbaf3c59b50d5bcadd93b1",
    "https://deno.land/std@0.196.0/path/win32.ts": "4fca292f8d116fd6d62f243b8a61bd3d6835a9f0ede762ba5c01afe7c3c0aa12",
    "https://deno.land/x/jsx_to_string@v0.2.0/mod.ts": "0d9c03eb2cfecb07415c12ebf7d5913185eef743ee468bb8e69bd0db2368ae38",
    "https://deno.land/x/jsx_to_string@v0.3.0/mod.ts": "8648558daba0f1f006c056f4dc90372365e2db3ded92fd7b90fb1b115632c402",
    "https://deno.land/x/php_ts@v0.2.1/css.tsx": "560408a2375c6803d3e2a5134013b6527de736b8431e118e97b65717b72c8680",
    "https://deno.land/x/php_ts@v0.2.1/php.ts": "9887e6a0f1027d428b43883631c45b74089cf4bd9afbef1c8a3fd02ac71597ff",
    "https://deno.land/x/php_ts@v0.3.0/css.tsx": "b4111cc04b0ade16fba7e7972dba4b6c5a4401823d03d8aff53975721193dfe3",
    "https://deno.land/x/php_ts@v0.3.0/php.ts": "e2506e11611572ec6cc600ec0df3a064c2de385994a41b1178b47a98c2ee332b",
    "https://deno.land/x/php_ts@v0.4.1/css.tsx": "b4111cc04b0ade16fba7e7972dba4b6c5a4401823d03d8aff53975721193dfe3",
    "https://deno.land/x/php_ts@v0.4.1/php.ts": "1fe170f453f2f660c4322b312f3857cdd7c3cd71b013e8da8605e6ecf57cb87f",
    "https://deno.land/x/php_ts@v0.5.0/css.tsx": "926d2f9c7c5fe051dc78c22921f4ae7948f1cb5eca0f82df272bb22fd1c8213b",
    "https://deno.land/x/php_ts@v0.5.0/php.ts": "1fe170f453f2f660c4322b312f3857cdd7c3cd71b013e8da8605e6ecf57cb87f",
    "https://esm.sh/jsdom@22.1.0": "c5d5cbc98a9f3a42300b8481ae50719eff51754e9ea78646cdea8c2e67a3ffce",
    "https://esm.sh/linkedom@0.14.22": "eae8be8f0a23f736a75a0eed73b9eaf55331c718313b45027e14cd1a834ef023",
    "https://esm.sh/v130/@tootallnate/once@2.0.0/denonext/once.mjs": "2c69d53dd1de1d7e5f9a78d46041f5d869f7d058f22d72e7f25821e61dddd147",
    "https://esm.sh/v130/abab@2.0.6/denonext/abab.mjs": "7101c07a728882d686222e5f5c5a6fa956a558e4f406c521f1c0b61bc60cd07d",
    "https://esm.sh/v130/agent-base@6.0.2/denonext/agent-base.mjs": "b3b4dba4dce00a2e132c93e9aa003786a297b386ad0d996dcb13ed916360433e",
    "https://esm.sh/v130/boolbase@1.0.0/denonext/boolbase.mjs": "4e3bd67e9b1c5c55094eae98345d0107c6a44ef57bd3d4b9579698fa44722280",
    "https://esm.sh/v130/bufferutil@4.0.7/denonext/bufferutil.mjs": "fabcced00ed08d5804c3d94a5cb3c23f75d2112cf200cafb7fa677a095d1957f",
    "https://esm.sh/v130/canvas@2.11.2/denonext/canvas.mjs": "4245b1d01d91b5e807b85e40e98efe28c93634260bd8cb5ac0da71c42098a1a4",
    "https://esm.sh/v130/css-select@5.1.0/denonext/css-select.mjs": "2b78a5922d67baf089161edbdfb88cc32bc103cef9022604248b1eb7beeb7508",
    "https://esm.sh/v130/css-what@6.1.0/denonext/css-what.mjs": "283d02df6fef73d3223b55324b559b363dd0e4c008ea1efbcf9f14b8f2642202",
    "https://esm.sh/v130/cssom@0.5.0/denonext/cssom.mjs": "c4216df78cba2c7be94853258b6b28c681e60ff89d4aeb3149b0ac91302be428",
    "https://esm.sh/v130/cssstyle@3.0.0/denonext/cssstyle.mjs": "f2dfe2951f430f4fb1ef949ea7223d2887c2a8057d6f53f59594d5afe92e45af",
    "https://esm.sh/v130/data-urls@4.0.0/denonext/data-urls.mjs": "d66c63ccd67bf8122e9e02fc6839ab038fb5164e6d5a3e3c214c1de2c2a65828",
    "https://esm.sh/v130/debug@4.3.4/denonext/debug.mjs": "d1128c99d8db6958680ab6b0ed23ec28681844a46e260fae1cb6ef5f50fc678a",
    "https://esm.sh/v130/decimal.js@10.4.3/denonext/decimal.mjs": "ece864b80732112b324aed7fd89ec03128627206e1e4b30057651f495b594dee",
    "https://esm.sh/v130/dom-serializer@2.0.0/denonext/dom-serializer.mjs": "0c6c6178ae63afea0c1b9efe30c086a57f4014f8d15fcb482e2ade889b72fca3",
    "https://esm.sh/v130/domelementtype@2.3.0/denonext/domelementtype.mjs": "371936c356d5ac797f2ce3a66b98dfc73e6fff0e095b2858b85668e6ad7d10e0",
    "https://esm.sh/v130/domexception@4.0.0/denonext/webidl2js-wrapper.js": "db395cd213eb9de633574b740a0a38e3ede89c60b35949d8ec6a873ef1bdbf23",
    "https://esm.sh/v130/domhandler@5.0.3/denonext/domhandler.mjs": "ee6bcae3bdc3bd7a0f125cd6db6f862abe96389cf26b14db014931de01dd212d",
    "https://esm.sh/v130/domutils@3.1.0/denonext/domutils.mjs": "a6a4b1ae2cb5ea24c42a276f0f589eb2432899dd59af0c90ce13da0297b35d55",
    "https://esm.sh/v130/entities@4.5.0/denonext/entities.mjs": "ecd26e1d8c8b97abb78810721f9ac41039743e6903f4abae6375f1c3e6ea55a5",
    "https://esm.sh/v130/entities@4.5.0/denonext/lib/decode.js": "7fea6d8bd725edbbf7ea05031d2ea1bbbc1166dc11e3345d541198dd2dc16f1e",
    "https://esm.sh/v130/entities@4.5.0/denonext/lib/escape.js": "7ebdc622bf3618bab25db40da4a49e2b9d03f044745f125f0bc3359f2d060def",
    "https://esm.sh/v130/form-data@4.0.0/denonext/form-data.mjs": "48e84ac3b590bc364839367938d7e48ca37615a0c66e56dcc7356c3172ec7790",
    "https://esm.sh/v130/html-encoding-sniffer@3.0.0/denonext/html-encoding-sniffer.mjs": "ea390dd9e917ccc4fe389aa3eb402cfbfea7d4fe3f1f4c8924f0c4e46d9fe05c",
    "https://esm.sh/v130/htmlparser2@8.0.2/denonext/htmlparser2.mjs": "86485bc3df8e6500954be1f7afca3de1c1e1bd5c62a65b427524185b356b7730",
    "https://esm.sh/v130/http-proxy-agent@5.0.0/denonext/http-proxy-agent.mjs": "e27a90690b9239b4910a162a7f88db5a4c8cfd9732d6c6f73e583d4cf2e14a9d",
    "https://esm.sh/v130/https-proxy-agent@5.0.1/denonext/https-proxy-agent.mjs": "0ff24dd4e2c734a11aa41541c9eec29479a7625f4361dac59eaad0e89432ac88",
    "https://esm.sh/v130/iconv-lite@0.6.3/denonext/iconv-lite.mjs": "ef2bb4c42e4a244d839e5f27a969036237f97ce854b3dc2dfa9fc14976d8f425",
    "https://esm.sh/v130/is-potential-custom-element-name@1.0.1/denonext/is-potential-custom-element-name.mjs": "de2781ef99795b662f43c0840c3dcfdc303f9e60a75e66924370f902133469ed",
    "https://esm.sh/v130/jsdom@22.1.0/denonext/jsdom.mjs": "70b6f49f604bad9ae7c613c5687cc9071d85bce09712bdd5b02f3779d32f9f40",
    "https://esm.sh/v130/linkedom@0.14.22/denonext/linkedom.mjs": "50c5cc8ac3ca844e4305d3b93a96366b7db8da47a9b7a8cebafdeea00ec28933",
    "https://esm.sh/v130/ms@2.1.2/denonext/ms.mjs": "aa4dc45ba72554c5011168f8910cc646c37af53cfff1a15a4decced838b8eb14",
    "https://esm.sh/v130/node-gyp-build@4.6.0/denonext/node-gyp-build.mjs": "58fc8e41b3ffd2f8a6b2a1694292976e6e12768d6e3895b9c8c13239562ffe64",
    "https://esm.sh/v130/nth-check@2.1.1/denonext/nth-check.mjs": "759eee1446f0a783dfb37f0ee7eaca118e35d068f0d359bf4cd5a0196c8c9a0e",
    "https://esm.sh/v130/nwsapi@2.2.7/denonext/nwsapi.mjs": "0fbf1a70adddb4cea42e3ec72655fdf732ceedb4efc3b7b9c04c1ee5a3dce537",
    "https://esm.sh/v130/parse5@7.1.2/denonext/parse5.mjs": "ef368d62b5bea56abd77fcc04e7e07b784cf57a629dd1d6df69ef1b4122c3393",
    "https://esm.sh/v130/psl@1.9.0/denonext/psl.mjs": "f40e9bcba5f6602eeb677f85f8e2b5c24b706bade58ced5b272044ebea609d9b",
    "https://esm.sh/v130/querystringify@2.2.0/denonext/querystringify.mjs": "4f0f639f99ec4a7ddaffb886bd7e6f3fe4b088e1fcd60336dd10d447d2093ef6",
    "https://esm.sh/v130/requires-port@1.0.0/denonext/requires-port.mjs": "c4f20b71539d08fc2662d75dfd79881fce985a0e4592268f18ac13bf53679efa",
    "https://esm.sh/v130/rrweb-cssom@0.6.0/denonext/rrweb-cssom.mjs": "e2a14692d801a24edadd3fd4ecdf017382494258064134e33390a6bf1146950d",
    "https://esm.sh/v130/safer-buffer@2.1.2/denonext/safer-buffer.mjs": "ce0e787812c668ba082ad5b75958490c714b6e05836bd5b6013d9f75727c006f",
    "https://esm.sh/v130/saxes@6.0.0/denonext/saxes.mjs": "466f28a94ecc7fead1b1b9121b8af2a9cc7e8589e4bd0572916f4e5a76b077bd",
    "https://esm.sh/v130/symbol-tree@3.2.4/denonext/symbol-tree.mjs": "67199d1e47bd6e5b7d2715dd04d25658061c95fc4464f7d200b6aab9e439b5f4",
    "https://esm.sh/v130/tough-cookie@4.1.3/denonext/tough-cookie.mjs": "b750fe3f171d4c0fcf6e1421731674840a69763c2b32525a3c6b60c92a1b33f5",
    "https://esm.sh/v130/tr46@4.1.1/denonext/tr46.mjs": "2042307b546151186c6912a27265e444331e3d0bd6820c92a750aa67b3e5fdfc",
    "https://esm.sh/v130/uhyphen@0.1.0/denonext/uhyphen.mjs": "9d42fd99d8f00cc9ce5f857ed6edf62ca2b07199d76d58aaafca61c7b5915338",
    "https://esm.sh/v130/universalify@0.2.0/denonext/universalify.mjs": "6ebb2a9b372d4ae89f494d9b0044942dc76a5b5fb366ab3018e2bf0aeb8eae94",
    "https://esm.sh/v130/url-parse@1.5.10/denonext/url-parse.mjs": "044410419dd3a6fd84409364997fe5865172253c260f938eefbad41b581d9b42",
    "https://esm.sh/v130/utf-8-validate@6.0.3/denonext/utf-8-validate.mjs": "c9acebbeb80ea2c44826be8d787ce1a92e07ba1b7999b9b75f768a325ecbc749",
    "https://esm.sh/v130/w3c-xmlserializer@4.0.0/denonext/w3c-xmlserializer.mjs": "78eb3e3c6709582811453b13249786df1afa617b33c26c47bbd9067b7ab4044a",
    "https://esm.sh/v130/webidl-conversions@7.0.0/denonext/webidl-conversions.mjs": "04e3e6917179380727c6f65cd16a5a89836fb5a104fe5524c10a0a697f88d552",
    "https://esm.sh/v130/whatwg-encoding@2.0.0/denonext/whatwg-encoding.mjs": "5fc641de08bdacd3aa2a08c4dd3122c76d0a830b018437ad0b04e37e5bdbc267",
    "https://esm.sh/v130/whatwg-mimetype@3.0.0/denonext/whatwg-mimetype.mjs": "59446370c8333e5956416535e9773585645c22e7ea3420c8df5d78d1e9127c59",
    "https://esm.sh/v130/whatwg-url@12.0.1/denonext/webidl2js-wrapper.js": "ad843e31883bea8e344358ce341e0c47cfc60eae7fbefac87c1e429c659e2421",
    "https://esm.sh/v130/whatwg-url@12.0.1/denonext/whatwg-url.mjs": "ee051a82d8bf658b973e3141ec296fd2b4dfa4b28c3771c5980f7330a64c2bc4",
    "https://esm.sh/v130/ws@8.13.0/denonext/ws.mjs": "09c5387db01171fd7b88209458144cd80532fb729cf5994e6553409c37ac394a",
    "https://esm.sh/v130/xml-name-validator@4.0.0/denonext/xml-name-validator.mjs": "69af66c891312f304a8be720961ad5cce5c49c85a3bba03275b56a70dec7a21e",
    "https://esm.sh/v130/xmlchars@2.2.0/denonext/xml/1.0/ed5.js": "60f8f018eb1d79d69a41324155b7d9f52f1058b37060b28acc1dfc49446e549d",
    "https://esm.sh/v130/xmlchars@2.2.0/denonext/xml/1.1/ed2.js": "ba7d1fe5694f62469c4b293a1fadad332c637cbcfbc74147a296475c2ff8ad3d",
    "https://esm.sh/v130/xmlchars@2.2.0/denonext/xmlns/1.0/ed3.js": "929d15ffc72d56c8909f87e7df8288f060bda0256622e8e95c24f0decb06adc7"
  },
  "npm": {
    "specifiers": {
      "@types/node": "@types/node@18.13.0"
    },
    "packages": {
      "@types/node@18.13.0": {
        "integrity": "sha512-gC3TazRzGoOnoKAhUx+Q0t8S9Tzs74z7m0ipwGpSqQrleP14hKxP4/JUeEQcD3W1/aIpnWl8pHowI7WokuZpXg==",
        "dependencies": {}
      }
    }
  }
}
